// !$*UTF8*$!
{
	archiveVersion = 1;
	classes = {
	};
	objectVersion = 63;
	objects = {

/* Begin PBXBuildFile section */
		5F762564FA7F75559B596F8C /* Pods_RealTimeSports.framework in Frameworks */ = {isa = PBXBuildFile; fileRef = EB44F3BD28C411A1315E6279 /* Pods_RealTimeSports.framework */; };
		814827BF2CCAC5E0007C5C91 /* SearchViewController+Keyboard.swift in Sources */ = {isa = PBXBuildFile; fileRef = 814827BE2CCAC5DB007C5C91 /* SearchViewController+Keyboard.swift */; };
		814827C12CCACB6B007C5C91 /* LiveEvent.swift in Sources */ = {isa = PBXBuildFile; fileRef = 814827C02CCACB69007C5C91 /* LiveEvent.swift */; };
		814827C42CCACB83007C5C91 /* LiveEventResponse.swift in Sources */ = {isa = PBXBuildFile; fileRef = 814827C32CCACB80007C5C91 /* LiveEventResponse.swift */; };
		814827C72CCACC2D007C5C91 /* LiveEventService.swift in Sources */ = {isa = PBXBuildFile; fileRef = 814827C62CCACC26007C5C91 /* LiveEventService.swift */; };
		814827C92CCACC33007C5C91 /* LiveEventServiceProtocol.swift in Sources */ = {isa = PBXBuildFile; fileRef = 814827C82CCACC30007C5C91 /* LiveEventServiceProtocol.swift */; };
		814827CB2CCACC89007C5C91 /* LiveEventError.swift in Sources */ = {isa = PBXBuildFile; fileRef = 814827CA2CCACC85007C5C91 /* LiveEventError.swift */; };
		814827CE2CCACEF2007C5C91 /* LiveEventViewModel.swift in Sources */ = {isa = PBXBuildFile; fileRef = 814827CD2CCACEF0007C5C91 /* LiveEventViewModel.swift */; };
		814827D12CCAD072007C5C91 /* LiveEventTableViewCell.swift in Sources */ = {isa = PBXBuildFile; fileRef = 814827D02CCAD06D007C5C91 /* LiveEventTableViewCell.swift */; };
		814827D32CCAD07A007C5C91 /* LiveEventTableViewCell+Design.swift in Sources */ = {isa = PBXBuildFile; fileRef = 814827D22CCAD075007C5C91 /* LiveEventTableViewCell+Design.swift */; };
		81538C472CCAEA6C0054F59D /* loading-animation.json in Resources */ = {isa = PBXBuildFile; fileRef = 81538C462CCAEA6C0054F59D /* loading-animation.json */; };
		81538C4A2CCAEB290054F59D /* PlayerViewController.swift in Sources */ = {isa = PBXBuildFile; fileRef = 81538C492CCAEB260054F59D /* PlayerViewController.swift */; };
		81538C4C2CCAEB2F0054F59D /* PlayerViewController+Design.swift in Sources */ = {isa = PBXBuildFile; fileRef = 81538C4B2CCAEB2C0054F59D /* PlayerViewController+Design.swift */; };
		81538C4E2CCAF95C0054F59D /* ErrorView+Accessibility.swift in Sources */ = {isa = PBXBuildFile; fileRef = 81538C4D2CCAF9570054F59D /* ErrorView+Accessibility.swift */; };
		81557C8D2CC915400099B41F /* ViewsDesignProtocol.swift in Sources */ = {isa = PBXBuildFile; fileRef = 81557C8C2CC9152B0099B41F /* ViewsDesignProtocol.swift */; };
		81557C902CC915BA0099B41F /* HomeViewController+Design.swift in Sources */ = {isa = PBXBuildFile; fileRef = 81557C8F2CC915B40099B41F /* HomeViewController+Design.swift */; };
		81557C932CC919B40099B41F /* RootTabBarViewController.swift in Sources */ = {isa = PBXBuildFile; fileRef = 81557C922CC919AD0099B41F /* RootTabBarViewController.swift */; };
		81557C952CC91BD30099B41F /* RootTabBarViewController+Design.swift in Sources */ = {isa = PBXBuildFile; fileRef = 81557C942CC91BCC0099B41F /* RootTabBarViewController+Design.swift */; };
		81557C982CC91EA00099B41F /* LeaguesViewController.swift in Sources */ = {isa = PBXBuildFile; fileRef = 81557C972CC91E9A0099B41F /* LeaguesViewController.swift */; };
		81557C9B2CC925080099B41F /* UIColor+Extensions.swift in Sources */ = {isa = PBXBuildFile; fileRef = 81557C9A2CC925000099B41F /* UIColor+Extensions.swift */; };
		81557C9E2CC931CA0099B41F /* Localizable.xcstrings in Resources */ = {isa = PBXBuildFile; fileRef = 81557C9D2CC931CA0099B41F /* Localizable.xcstrings */; };
		81557CA02CC933860099B41F /* LocalizableString.swift in Sources */ = {isa = PBXBuildFile; fileRef = 81557C9F2CC933810099B41F /* LocalizableString.swift */; };
		81557CA22CC9398C0099B41F /* URLBuilder.swift in Sources */ = {isa = PBXBuildFile; fileRef = 81557CA12CC939860099B41F /* URLBuilder.swift */; };
		81557CA52CC93A4D0099B41F /* Service.swift in Sources */ = {isa = PBXBuildFile; fileRef = 81557CA42CC93A140099B41F /* Service.swift */; };
		81557CAC2CC93C9C0099B41F /* URLBuilderV2.swift in Sources */ = {isa = PBXBuildFile; fileRef = 81557CAB2CC93C970099B41F /* URLBuilderV2.swift */; };
		81557CB62CC949930099B41F /* Team.swift in Sources */ = {isa = PBXBuildFile; fileRef = 81557CB52CC949900099B41F /* Team.swift */; };
		81557CB82CC949DA0099B41F /* League.swift in Sources */ = {isa = PBXBuildFile; fileRef = 81557CB72CC949D80099B41F /* League.swift */; };
		81557CBA2CC94BA00099B41F /* LeagueResponse.swift in Sources */ = {isa = PBXBuildFile; fileRef = 81557CB92CC94B9D0099B41F /* LeagueResponse.swift */; };
		81557CBD2CC954A50099B41F /* CommonURLBuilder.swift in Sources */ = {isa = PBXBuildFile; fileRef = 81557CBC2CC954960099B41F /* CommonURLBuilder.swift */; };
		81557CC02CC955B10099B41F /* LeagueService.swift in Sources */ = {isa = PBXBuildFile; fileRef = 81557CBF2CC955AE0099B41F /* LeagueService.swift */; };
		81557CC32CC9560A0099B41F /* TeamService.swift in Sources */ = {isa = PBXBuildFile; fileRef = 81557CC22CC956070099B41F /* TeamService.swift */; };
		81557CC62CC95E4B0099B41F /* LeaguesViewModel.swift in Sources */ = {isa = PBXBuildFile; fileRef = 81557CC52CC95E460099B41F /* LeaguesViewModel.swift */; };
		81557CC92CC95F0E0099B41F /* LeagueType.swift in Sources */ = {isa = PBXBuildFile; fileRef = 81557CC82CC95F070099B41F /* LeagueType.swift */; };
		81557CCC2CC984AF0099B41F /* LeaguesViewController+Design.swift in Sources */ = {isa = PBXBuildFile; fileRef = 81557CCB2CC984A90099B41F /* LeaguesViewController+Design.swift */; };
		81557CCE2CC993BB0099B41F /* TeamServiceProtocol.swift in Sources */ = {isa = PBXBuildFile; fileRef = 81557CCD2CC993B80099B41F /* TeamServiceProtocol.swift */; };
		81557CD02CC9943D0099B41F /* LeagueServiceProtocol.swift in Sources */ = {isa = PBXBuildFile; fileRef = 81557CCF2CC994370099B41F /* LeagueServiceProtocol.swift */; };
		81557CD22CC995D10099B41F /* ViewModelFactory.swift in Sources */ = {isa = PBXBuildFile; fileRef = 81557CD12CC995CE0099B41F /* ViewModelFactory.swift */; };
		81557CD72CCA220E0099B41F /* LeagueStandingsViewController.swift in Sources */ = {isa = PBXBuildFile; fileRef = 81557CD62CCA22050099B41F /* LeagueStandingsViewController.swift */; };
		81557CD92CCA22210099B41F /* LeagueStandingsViewController+Design.swift in Sources */ = {isa = PBXBuildFile; fileRef = 81557CD82CCA221E0099B41F /* LeagueStandingsViewController+Design.swift */; };
		81557CDC2CCA2A490099B41F /* TeamResponse.swift in Sources */ = {isa = PBXBuildFile; fileRef = 81557CDB2CCA2A470099B41F /* TeamResponse.swift */; };
		81557CE02CCA3A300099B41F /* LeagueStandingsViewModel.swift in Sources */ = {isa = PBXBuildFile; fileRef = 81557CDF2CCA3A260099B41F /* LeagueStandingsViewModel.swift */; };
		81557CE32CCA3C540099B41F /* TeamRankTableViewCell.swift in Sources */ = {isa = PBXBuildFile; fileRef = 81557CE22CCA3C500099B41F /* TeamRankTableViewCell.swift */; };
		81557CE52CCA3D5B0099B41F /* TeamRankTableViewCell+Design.swift in Sources */ = {isa = PBXBuildFile; fileRef = 81557CE42CCA3D550099B41F /* TeamRankTableViewCell+Design.swift */; };
		81557CE82CCA4BBC0099B41F /* LeagueError.swift in Sources */ = {isa = PBXBuildFile; fileRef = 81557CE72CCA4B770099B41F /* LeagueError.swift */; };
		81557CEA2CCA4CF90099B41F /* CommonError.swift in Sources */ = {isa = PBXBuildFile; fileRef = 81557CE92CCA4CF50099B41F /* CommonError.swift */; };
		81557CEC2CCA515F0099B41F /* ErrorView.swift in Sources */ = {isa = PBXBuildFile; fileRef = 81557CEB2CCA514C0099B41F /* ErrorView.swift */; };
		81557CEE2CCA51A30099B41F /* ErrorView+Design.swift in Sources */ = {isa = PBXBuildFile; fileRef = 81557CED2CCA519E0099B41F /* ErrorView+Design.swift */; };
		81557CF22CCA61C90099B41F /* TeamRankHeaderView.swift in Sources */ = {isa = PBXBuildFile; fileRef = 81557CF12CCA61C60099B41F /* TeamRankHeaderView.swift */; };
		81557CF42CCA61D00099B41F /* TeamRankHeaderView+Design.swift in Sources */ = {isa = PBXBuildFile; fileRef = 81557CF32CCA61CC0099B41F /* TeamRankHeaderView+Design.swift */; };
		81557CF72CCA720F0099B41F /* SearchViewController.swift in Sources */ = {isa = PBXBuildFile; fileRef = 81557CF62CCA720C0099B41F /* SearchViewController.swift */; };
		81557CF92CCA789B0099B41F /* SearchViewController+Design.swift in Sources */ = {isa = PBXBuildFile; fileRef = 81557CF82CCA78960099B41F /* SearchViewController+Design.swift */; };
		81557CFC2CCA79DD0099B41F /* SearchScope.swift in Sources */ = {isa = PBXBuildFile; fileRef = 81557CFB2CCA79D10099B41F /* SearchScope.swift */; };
		81557D002CCA91D50099B41F /* PlayerResponse.swift in Sources */ = {isa = PBXBuildFile; fileRef = 81557CFF2CCA91D30099B41F /* PlayerResponse.swift */; };
		81557D022CCA91D90099B41F /* Player.swift in Sources */ = {isa = PBXBuildFile; fileRef = 81557D012CCA91D80099B41F /* Player.swift */; };
		81557D052CCA92D20099B41F /* PlayerServiceProtocol.swift in Sources */ = {isa = PBXBuildFile; fileRef = 81557D042CCA92CE0099B41F /* PlayerServiceProtocol.swift */; };
		81557D072CCA92D80099B41F /* PlayerService.swift in Sources */ = {isa = PBXBuildFile; fileRef = 81557D062CCA92D50099B41F /* PlayerService.swift */; };
		81557D0A2CCA9BF30099B41F /* PlayerViewModel.swift in Sources */ = {isa = PBXBuildFile; fileRef = 81557D092CCA9BE90099B41F /* PlayerViewModel.swift */; };
		81557D0D2CCA9E3C0099B41F /* SearchViewModel.swift in Sources */ = {isa = PBXBuildFile; fileRef = 81557D0C2CCA9E3A0099B41F /* SearchViewModel.swift */; };
		81557D0F2CCAAE4C0099B41F /* PlayerError.swift in Sources */ = {isa = PBXBuildFile; fileRef = 81557D0E2CCAAE490099B41F /* PlayerError.swift */; };
		8189CDFF2CC8E79E00B1BA83 /* AppDelegate.swift in Sources */ = {isa = PBXBuildFile; fileRef = 8189CDF52CC8E79E00B1BA83 /* AppDelegate.swift */; };
		8189CE002CC8E79E00B1BA83 /* SceneDelegate.swift in Sources */ = {isa = PBXBuildFile; fileRef = 8189CDFC2CC8E79E00B1BA83 /* SceneDelegate.swift */; };
		8189CE012CC8E79E00B1BA83 /* HomeViewController.swift in Sources */ = {isa = PBXBuildFile; fileRef = 8189CDFD2CC8E79E00B1BA83 /* HomeViewController.swift */; };
		8189CE022CC8E79E00B1BA83 /* Assets.xcassets in Resources */ = {isa = PBXBuildFile; fileRef = 8189CDF62CC8E79E00B1BA83 /* Assets.xcassets */; };
		8189CE042CC8E79E00B1BA83 /* LaunchScreen.storyboard in Resources */ = {isa = PBXBuildFile; fileRef = 8189CDF92CC8E79E00B1BA83 /* LaunchScreen.storyboard */; };
		81A705402CC8FB9F008FD00F /* HTTPClientProtocol.swift in Sources */ = {isa = PBXBuildFile; fileRef = 81A7053C2CC8F90D008FD00F /* HTTPClientProtocol.swift */; };
		81A705412CC8FBA5008FD00F /* HTTPClient.swift in Sources */ = {isa = PBXBuildFile; fileRef = 81A7053B2CC8F8E6008FD00F /* HTTPClient.swift */; };
		81A705422CC8FBAB008FD00F /* HTTPMethodType.swift in Sources */ = {isa = PBXBuildFile; fileRef = 81A7053A2CC8F862008FD00F /* HTTPMethodType.swift */; };
/* End PBXBuildFile section */

/* Begin PBXFileReference section */
		49A8142E1D614838A8E42BC6 /* Pods-RealTimeSports.release.xcconfig */ = {isa = PBXFileReference; includeInIndex = 1; lastKnownFileType = text.xcconfig; name = "Pods-RealTimeSports.release.xcconfig"; path = "Target Support Files/Pods-RealTimeSports/Pods-RealTimeSports.release.xcconfig"; sourceTree = "<group>"; };
		5AF7A1E900DA7024E1C1F570 /* Pods-RealTimeSports.debug.xcconfig */ = {isa = PBXFileReference; includeInIndex = 1; lastKnownFileType = text.xcconfig; name = "Pods-RealTimeSports.debug.xcconfig"; path = "Target Support Files/Pods-RealTimeSports/Pods-RealTimeSports.debug.xcconfig"; sourceTree = "<group>"; };
		814827BE2CCAC5DB007C5C91 /* SearchViewController+Keyboard.swift */ = {isa = PBXFileReference; lastKnownFileType = sourcecode.swift; path = "SearchViewController+Keyboard.swift"; sourceTree = "<group>"; };
		814827C02CCACB69007C5C91 /* LiveEvent.swift */ = {isa = PBXFileReference; lastKnownFileType = sourcecode.swift; path = LiveEvent.swift; sourceTree = "<group>"; };
		814827C32CCACB80007C5C91 /* LiveEventResponse.swift */ = {isa = PBXFileReference; lastKnownFileType = sourcecode.swift; path = LiveEventResponse.swift; sourceTree = "<group>"; };
		814827C62CCACC26007C5C91 /* LiveEventService.swift */ = {isa = PBXFileReference; lastKnownFileType = sourcecode.swift; path = LiveEventService.swift; sourceTree = "<group>"; };
		814827C82CCACC30007C5C91 /* LiveEventServiceProtocol.swift */ = {isa = PBXFileReference; lastKnownFileType = sourcecode.swift; path = LiveEventServiceProtocol.swift; sourceTree = "<group>"; };
		814827CA2CCACC85007C5C91 /* LiveEventError.swift */ = {isa = PBXFileReference; lastKnownFileType = sourcecode.swift; path = LiveEventError.swift; sourceTree = "<group>"; };
		814827CD2CCACEF0007C5C91 /* LiveEventViewModel.swift */ = {isa = PBXFileReference; lastKnownFileType = sourcecode.swift; path = LiveEventViewModel.swift; sourceTree = "<group>"; };
		814827D02CCAD06D007C5C91 /* LiveEventTableViewCell.swift */ = {isa = PBXFileReference; lastKnownFileType = sourcecode.swift; path = LiveEventTableViewCell.swift; sourceTree = "<group>"; };
		814827D22CCAD075007C5C91 /* LiveEventTableViewCell+Design.swift */ = {isa = PBXFileReference; lastKnownFileType = sourcecode.swift; path = "LiveEventTableViewCell+Design.swift"; sourceTree = "<group>"; };
		81538C462CCAEA6C0054F59D /* loading-animation.json */ = {isa = PBXFileReference; lastKnownFileType = text.json; path = "loading-animation.json"; sourceTree = "<group>"; };
		81538C492CCAEB260054F59D /* PlayerViewController.swift */ = {isa = PBXFileReference; lastKnownFileType = sourcecode.swift; path = PlayerViewController.swift; sourceTree = "<group>"; };
		81538C4B2CCAEB2C0054F59D /* PlayerViewController+Design.swift */ = {isa = PBXFileReference; lastKnownFileType = sourcecode.swift; path = "PlayerViewController+Design.swift"; sourceTree = "<group>"; };
		81538C4D2CCAF9570054F59D /* ErrorView+Accessibility.swift */ = {isa = PBXFileReference; lastKnownFileType = sourcecode.swift; path = "ErrorView+Accessibility.swift"; sourceTree = "<group>"; };
		81557C8C2CC9152B0099B41F /* ViewsDesignProtocol.swift */ = {isa = PBXFileReference; lastKnownFileType = sourcecode.swift; path = ViewsDesignProtocol.swift; sourceTree = "<group>"; };
		81557C8F2CC915B40099B41F /* HomeViewController+Design.swift */ = {isa = PBXFileReference; lastKnownFileType = sourcecode.swift; path = "HomeViewController+Design.swift"; sourceTree = "<group>"; };
		81557C922CC919AD0099B41F /* RootTabBarViewController.swift */ = {isa = PBXFileReference; lastKnownFileType = sourcecode.swift; path = RootTabBarViewController.swift; sourceTree = "<group>"; };
		81557C942CC91BCC0099B41F /* RootTabBarViewController+Design.swift */ = {isa = PBXFileReference; lastKnownFileType = sourcecode.swift; path = "RootTabBarViewController+Design.swift"; sourceTree = "<group>"; };
		81557C972CC91E9A0099B41F /* LeaguesViewController.swift */ = {isa = PBXFileReference; lastKnownFileType = sourcecode.swift; path = LeaguesViewController.swift; sourceTree = "<group>"; };
		81557C9A2CC925000099B41F /* UIColor+Extensions.swift */ = {isa = PBXFileReference; lastKnownFileType = sourcecode.swift; path = "UIColor+Extensions.swift"; sourceTree = "<group>"; };
		81557C9D2CC931CA0099B41F /* Localizable.xcstrings */ = {isa = PBXFileReference; lastKnownFileType = text.json.xcstrings; path = Localizable.xcstrings; sourceTree = "<group>"; };
		81557C9F2CC933810099B41F /* LocalizableString.swift */ = {isa = PBXFileReference; lastKnownFileType = sourcecode.swift; path = LocalizableString.swift; sourceTree = "<group>"; };
		81557CA12CC939860099B41F /* URLBuilder.swift */ = {isa = PBXFileReference; lastKnownFileType = sourcecode.swift; path = URLBuilder.swift; sourceTree = "<group>"; };
		81557CA42CC93A140099B41F /* Service.swift */ = {isa = PBXFileReference; lastKnownFileType = sourcecode.swift; path = Service.swift; sourceTree = "<group>"; };
		81557CAB2CC93C970099B41F /* URLBuilderV2.swift */ = {isa = PBXFileReference; lastKnownFileType = sourcecode.swift; path = URLBuilderV2.swift; sourceTree = "<group>"; };
		81557CB52CC949900099B41F /* Team.swift */ = {isa = PBXFileReference; lastKnownFileType = sourcecode.swift; path = Team.swift; sourceTree = "<group>"; };
		81557CB72CC949D80099B41F /* League.swift */ = {isa = PBXFileReference; lastKnownFileType = sourcecode.swift; path = League.swift; sourceTree = "<group>"; };
		81557CB92CC94B9D0099B41F /* LeagueResponse.swift */ = {isa = PBXFileReference; lastKnownFileType = sourcecode.swift; path = LeagueResponse.swift; sourceTree = "<group>"; };
		81557CBC2CC954960099B41F /* CommonURLBuilder.swift */ = {isa = PBXFileReference; lastKnownFileType = sourcecode.swift; path = CommonURLBuilder.swift; sourceTree = "<group>"; };
		81557CBF2CC955AE0099B41F /* LeagueService.swift */ = {isa = PBXFileReference; lastKnownFileType = sourcecode.swift; path = LeagueService.swift; sourceTree = "<group>"; };
		81557CC22CC956070099B41F /* TeamService.swift */ = {isa = PBXFileReference; lastKnownFileType = sourcecode.swift; path = TeamService.swift; sourceTree = "<group>"; };
		81557CC52CC95E460099B41F /* LeaguesViewModel.swift */ = {isa = PBXFileReference; lastKnownFileType = sourcecode.swift; path = LeaguesViewModel.swift; sourceTree = "<group>"; };
		81557CC82CC95F070099B41F /* LeagueType.swift */ = {isa = PBXFileReference; lastKnownFileType = sourcecode.swift; path = LeagueType.swift; sourceTree = "<group>"; };
		81557CCB2CC984A90099B41F /* LeaguesViewController+Design.swift */ = {isa = PBXFileReference; lastKnownFileType = sourcecode.swift; path = "LeaguesViewController+Design.swift"; sourceTree = "<group>"; };
		81557CCD2CC993B80099B41F /* TeamServiceProtocol.swift */ = {isa = PBXFileReference; lastKnownFileType = sourcecode.swift; path = TeamServiceProtocol.swift; sourceTree = "<group>"; };
		81557CCF2CC994370099B41F /* LeagueServiceProtocol.swift */ = {isa = PBXFileReference; lastKnownFileType = sourcecode.swift; path = LeagueServiceProtocol.swift; sourceTree = "<group>"; };
		81557CD12CC995CE0099B41F /* ViewModelFactory.swift */ = {isa = PBXFileReference; lastKnownFileType = sourcecode.swift; path = ViewModelFactory.swift; sourceTree = "<group>"; };
		81557CD62CCA22050099B41F /* LeagueStandingsViewController.swift */ = {isa = PBXFileReference; lastKnownFileType = sourcecode.swift; path = LeagueStandingsViewController.swift; sourceTree = "<group>"; };
		81557CD82CCA221E0099B41F /* LeagueStandingsViewController+Design.swift */ = {isa = PBXFileReference; lastKnownFileType = sourcecode.swift; path = "LeagueStandingsViewController+Design.swift"; sourceTree = "<group>"; };
		81557CDB2CCA2A470099B41F /* TeamResponse.swift */ = {isa = PBXFileReference; lastKnownFileType = sourcecode.swift; path = TeamResponse.swift; sourceTree = "<group>"; };
		81557CDF2CCA3A260099B41F /* LeagueStandingsViewModel.swift */ = {isa = PBXFileReference; lastKnownFileType = sourcecode.swift; path = LeagueStandingsViewModel.swift; sourceTree = "<group>"; };
		81557CE22CCA3C500099B41F /* TeamRankTableViewCell.swift */ = {isa = PBXFileReference; lastKnownFileType = sourcecode.swift; path = TeamRankTableViewCell.swift; sourceTree = "<group>"; };
		81557CE42CCA3D550099B41F /* TeamRankTableViewCell+Design.swift */ = {isa = PBXFileReference; lastKnownFileType = sourcecode.swift; path = "TeamRankTableViewCell+Design.swift"; sourceTree = "<group>"; };
		81557CE72CCA4B770099B41F /* LeagueError.swift */ = {isa = PBXFileReference; lastKnownFileType = sourcecode.swift; path = LeagueError.swift; sourceTree = "<group>"; };
		81557CE92CCA4CF50099B41F /* CommonError.swift */ = {isa = PBXFileReference; lastKnownFileType = sourcecode.swift; path = CommonError.swift; sourceTree = "<group>"; };
		81557CEB2CCA514C0099B41F /* ErrorView.swift */ = {isa = PBXFileReference; lastKnownFileType = sourcecode.swift; path = ErrorView.swift; sourceTree = "<group>"; };
		81557CED2CCA519E0099B41F /* ErrorView+Design.swift */ = {isa = PBXFileReference; lastKnownFileType = sourcecode.swift; path = "ErrorView+Design.swift"; sourceTree = "<group>"; };
		81557CF12CCA61C60099B41F /* TeamRankHeaderView.swift */ = {isa = PBXFileReference; lastKnownFileType = sourcecode.swift; path = TeamRankHeaderView.swift; sourceTree = "<group>"; };
		81557CF32CCA61CC0099B41F /* TeamRankHeaderView+Design.swift */ = {isa = PBXFileReference; lastKnownFileType = sourcecode.swift; path = "TeamRankHeaderView+Design.swift"; sourceTree = "<group>"; };
		81557CF62CCA720C0099B41F /* SearchViewController.swift */ = {isa = PBXFileReference; lastKnownFileType = sourcecode.swift; path = SearchViewController.swift; sourceTree = "<group>"; };
		81557CF82CCA78960099B41F /* SearchViewController+Design.swift */ = {isa = PBXFileReference; lastKnownFileType = sourcecode.swift; path = "SearchViewController+Design.swift"; sourceTree = "<group>"; };
		81557CFB2CCA79D10099B41F /* SearchScope.swift */ = {isa = PBXFileReference; lastKnownFileType = sourcecode.swift; path = SearchScope.swift; sourceTree = "<group>"; };
		81557CFF2CCA91D30099B41F /* PlayerResponse.swift */ = {isa = PBXFileReference; lastKnownFileType = sourcecode.swift; path = PlayerResponse.swift; sourceTree = "<group>"; };
		81557D012CCA91D80099B41F /* Player.swift */ = {isa = PBXFileReference; lastKnownFileType = sourcecode.swift; path = Player.swift; sourceTree = "<group>"; };
		81557D042CCA92CE0099B41F /* PlayerServiceProtocol.swift */ = {isa = PBXFileReference; lastKnownFileType = sourcecode.swift; path = PlayerServiceProtocol.swift; sourceTree = "<group>"; };
		81557D062CCA92D50099B41F /* PlayerService.swift */ = {isa = PBXFileReference; lastKnownFileType = sourcecode.swift; path = PlayerService.swift; sourceTree = "<group>"; };
		81557D092CCA9BE90099B41F /* PlayerViewModel.swift */ = {isa = PBXFileReference; lastKnownFileType = sourcecode.swift; path = PlayerViewModel.swift; sourceTree = "<group>"; };
		81557D0C2CCA9E3A0099B41F /* SearchViewModel.swift */ = {isa = PBXFileReference; lastKnownFileType = sourcecode.swift; path = SearchViewModel.swift; sourceTree = "<group>"; };
		81557D0E2CCAAE490099B41F /* PlayerError.swift */ = {isa = PBXFileReference; lastKnownFileType = sourcecode.swift; path = PlayerError.swift; sourceTree = "<group>"; };
		8169E4E72CC8E43600F25744 /* RealTimeSports.app */ = {isa = PBXFileReference; explicitFileType = wrapper.application; includeInIndex = 0; path = RealTimeSports.app; sourceTree = BUILT_PRODUCTS_DIR; };
		8189CDF52CC8E79E00B1BA83 /* AppDelegate.swift */ = {isa = PBXFileReference; lastKnownFileType = sourcecode.swift; path = AppDelegate.swift; sourceTree = "<group>"; };
		8189CDF62CC8E79E00B1BA83 /* Assets.xcassets */ = {isa = PBXFileReference; lastKnownFileType = folder.assetcatalog; path = Assets.xcassets; sourceTree = "<group>"; };
		8189CDF72CC8E79E00B1BA83 /* Info.plist */ = {isa = PBXFileReference; lastKnownFileType = text.plist.xml; path = Info.plist; sourceTree = "<group>"; };
		8189CDF82CC8E79E00B1BA83 /* Base */ = {isa = PBXFileReference; lastKnownFileType = file.storyboard; name = Base; path = Base.lproj/LaunchScreen.storyboard; sourceTree = "<group>"; };
		8189CDFC2CC8E79E00B1BA83 /* SceneDelegate.swift */ = {isa = PBXFileReference; lastKnownFileType = sourcecode.swift; path = SceneDelegate.swift; sourceTree = "<group>"; };
		8189CDFD2CC8E79E00B1BA83 /* HomeViewController.swift */ = {isa = PBXFileReference; lastKnownFileType = sourcecode.swift; path = HomeViewController.swift; sourceTree = "<group>"; };
		81A7053A2CC8F862008FD00F /* HTTPMethodType.swift */ = {isa = PBXFileReference; lastKnownFileType = sourcecode.swift; path = HTTPMethodType.swift; sourceTree = "<group>"; };
		81A7053B2CC8F8E6008FD00F /* HTTPClient.swift */ = {isa = PBXFileReference; lastKnownFileType = sourcecode.swift; path = HTTPClient.swift; sourceTree = "<group>"; };
		81A7053C2CC8F90D008FD00F /* HTTPClientProtocol.swift */ = {isa = PBXFileReference; lastKnownFileType = sourcecode.swift; path = HTTPClientProtocol.swift; sourceTree = "<group>"; };
		EB44F3BD28C411A1315E6279 /* Pods_RealTimeSports.framework */ = {isa = PBXFileReference; explicitFileType = wrapper.framework; includeInIndex = 0; path = Pods_RealTimeSports.framework; sourceTree = BUILT_PRODUCTS_DIR; };
/* End PBXFileReference section */

/* Begin PBXFrameworksBuildPhase section */
		8169E4E42CC8E43600F25744 /* Frameworks */ = {
			isa = PBXFrameworksBuildPhase;
			buildActionMask = 2147483647;
			files = (
				5F762564FA7F75559B596F8C /* Pods_RealTimeSports.framework in Frameworks */,
			);
			runOnlyForDeploymentPostprocessing = 0;
		};
/* End PBXFrameworksBuildPhase section */

/* Begin PBXGroup section */
		814827C22CCACB71007C5C91 /* LiveEvent */ = {
			isa = PBXGroup;
			children = (
				814827C32CCACB80007C5C91 /* LiveEventResponse.swift */,
				814827C02CCACB69007C5C91 /* LiveEvent.swift */,
			);
			path = LiveEvent;
			sourceTree = "<group>";
		};
		814827C52CCACC19007C5C91 /* LiveEvent */ = {
			isa = PBXGroup;
			children = (
				814827C82CCACC30007C5C91 /* LiveEventServiceProtocol.swift */,
				814827C62CCACC26007C5C91 /* LiveEventService.swift */,
			);
			path = LiveEvent;
			sourceTree = "<group>";
		};
		814827CC2CCACEE3007C5C91 /* LiveEventViewModel */ = {
			isa = PBXGroup;
			children = (
				814827CD2CCACEF0007C5C91 /* LiveEventViewModel.swift */,
			);
			path = LiveEventViewModel;
			sourceTree = "<group>";
		};
		814827CF2CCAD064007C5C91 /* LiveEventTableViewCell */ = {
			isa = PBXGroup;
			children = (
				814827D22CCAD075007C5C91 /* LiveEventTableViewCell+Design.swift */,
				814827D02CCAD06D007C5C91 /* LiveEventTableViewCell.swift */,
			);
			path = LiveEventTableViewCell;
			sourceTree = "<group>";
		};
		81538C412CCAE7180054F59D /* Animation */ = {
			isa = PBXGroup;
			children = (
				81538C462CCAEA6C0054F59D /* loading-animation.json */,
			);
			path = Animation;
			sourceTree = "<group>";
		};
		81538C482CCAEB210054F59D /* PlayerScreen */ = {
			isa = PBXGroup;
			children = (
				81538C4B2CCAEB2C0054F59D /* PlayerViewController+Design.swift */,
				81538C492CCAEB260054F59D /* PlayerViewController.swift */,
			);
			path = PlayerScreen;
			sourceTree = "<group>";
		};
		81557C8B2CC915270099B41F /* Views */ = {
			isa = PBXGroup;
			children = (
				814827CF2CCAD064007C5C91 /* LiveEventTableViewCell */,
				81557CF02CCA61BC0099B41F /* TeamRankHeaderView */,
				81557CEF2CCA51A60099B41F /* ErrorView */,
				81557CE12CCA3C3C0099B41F /* TeamRankTableViewCell */,
				81557C8C2CC9152B0099B41F /* ViewsDesignProtocol.swift */,
			);
			path = Views;
			sourceTree = "<group>";
		};
		81557C8E2CC915AC0099B41F /* HomeScreen */ = {
			isa = PBXGroup;
			children = (
				8189CDFD2CC8E79E00B1BA83 /* HomeViewController.swift */,
				81557C8F2CC915B40099B41F /* HomeViewController+Design.swift */,
			);
			path = HomeScreen;
			sourceTree = "<group>";
		};
		81557C912CC9199C0099B41F /* RootTabBar */ = {
			isa = PBXGroup;
			children = (
				81557C922CC919AD0099B41F /* RootTabBarViewController.swift */,
				81557C942CC91BCC0099B41F /* RootTabBarViewController+Design.swift */,
			);
			path = RootTabBar;
			sourceTree = "<group>";
		};
		81557C962CC91CB90099B41F /* LeaguesScreen */ = {
			isa = PBXGroup;
			children = (
				81557CD32CCA1FBE0099B41F /* LeagueStandings */,
				81557CCB2CC984A90099B41F /* LeaguesViewController+Design.swift */,
				81557C972CC91E9A0099B41F /* LeaguesViewController.swift */,
			);
			path = LeaguesScreen;
			sourceTree = "<group>";
		};
		81557C992CC924F90099B41F /* Extensions */ = {
			isa = PBXGroup;
			children = (
				81557C9A2CC925000099B41F /* UIColor+Extensions.swift */,
			);
			path = Extensions;
			sourceTree = "<group>";
		};
		81557C9C2CC9318B0099B41F /* Localization */ = {
			isa = PBXGroup;
			children = (
				81557C9F2CC933810099B41F /* LocalizableString.swift */,
				81557C9D2CC931CA0099B41F /* Localizable.xcstrings */,
			);
			path = Localization;
			sourceTree = "<group>";
		};
		81557CA32CC93A0B0099B41F /* Service */ = {
			isa = PBXGroup;
			children = (
				814827C52CCACC19007C5C91 /* LiveEvent */,
				81557CBC2CC954960099B41F /* CommonURLBuilder.swift */,
				81557CA42CC93A140099B41F /* Service.swift */,
				81557CA12CC939860099B41F /* URLBuilder.swift */,
				81557CAB2CC93C970099B41F /* URLBuilderV2.swift */,
				81557CBE2CC955A40099B41F /* League */,
				81557D032CCA92C70099B41F /* Player */,
				81557CC12CC956030099B41F /* Team */,
			);
			path = Service;
			sourceTree = "<group>";
		};
		81557CB42CC949770099B41F /* Model */ = {
			isa = PBXGroup;
			children = (
				814827C22CCACB71007C5C91 /* LiveEvent */,
				81557CFE2CCA91CE0099B41F /* Player */,
				81557CFA2CCA79CC0099B41F /* Search */,
				81557CDA2CCA2A410099B41F /* Team */,
				81557CCA2CC97FC30099B41F /* League */,
			);
			path = Model;
			sourceTree = "<group>";
		};
		81557CBE2CC955A40099B41F /* League */ = {
			isa = PBXGroup;
			children = (
				81557CBF2CC955AE0099B41F /* LeagueService.swift */,
				81557CCF2CC994370099B41F /* LeagueServiceProtocol.swift */,
			);
			path = League;
			sourceTree = "<group>";
		};
		81557CC12CC956030099B41F /* Team */ = {
			isa = PBXGroup;
			children = (
				81557CCD2CC993B80099B41F /* TeamServiceProtocol.swift */,
				81557CC22CC956070099B41F /* TeamService.swift */,
			);
			path = Team;
			sourceTree = "<group>";
		};
		81557CC42CC95E370099B41F /* ViewModels */ = {
			isa = PBXGroup;
			children = (
				814827CC2CCACEE3007C5C91 /* LiveEventViewModel */,
				81557D0B2CCA9E300099B41F /* Search */,
				81557D082CCA9BE10099B41F /* Player */,
				81557CD12CC995CE0099B41F /* ViewModelFactory.swift */,
				81557CC72CC95F010099B41F /* Leagues */,
			);
			path = ViewModels;
			sourceTree = "<group>";
		};
		81557CC72CC95F010099B41F /* Leagues */ = {
			isa = PBXGroup;
			children = (
				81557CDF2CCA3A260099B41F /* LeagueStandingsViewModel.swift */,
				81557CC52CC95E460099B41F /* LeaguesViewModel.swift */,
			);
			path = Leagues;
			sourceTree = "<group>";
		};
		81557CCA2CC97FC30099B41F /* League */ = {
			isa = PBXGroup;
			children = (
				81557CB72CC949D80099B41F /* League.swift */,
				81557CB92CC94B9D0099B41F /* LeagueResponse.swift */,
				81557CC82CC95F070099B41F /* LeagueType.swift */,
			);
			path = League;
			sourceTree = "<group>";
		};
		81557CD32CCA1FBE0099B41F /* LeagueStandings */ = {
			isa = PBXGroup;
			children = (
				81557CD82CCA221E0099B41F /* LeagueStandingsViewController+Design.swift */,
				81557CD62CCA22050099B41F /* LeagueStandingsViewController.swift */,
			);
			path = LeagueStandings;
			sourceTree = "<group>";
		};
		81557CDA2CCA2A410099B41F /* Team */ = {
			isa = PBXGroup;
			children = (
				81557CB52CC949900099B41F /* Team.swift */,
				81557CDB2CCA2A470099B41F /* TeamResponse.swift */,
			);
			path = Team;
			sourceTree = "<group>";
		};
		81557CE12CCA3C3C0099B41F /* TeamRankTableViewCell */ = {
			isa = PBXGroup;
			children = (
				81557CE42CCA3D550099B41F /* TeamRankTableViewCell+Design.swift */,
				81557CE22CCA3C500099B41F /* TeamRankTableViewCell.swift */,
			);
			path = TeamRankTableViewCell;
			sourceTree = "<group>";
		};
		81557CE62CCA4B710099B41F /* Error */ = {
			isa = PBXGroup;
			children = (
				814827CA2CCACC85007C5C91 /* LiveEventError.swift */,
				81557D0E2CCAAE490099B41F /* PlayerError.swift */,
				81557CE92CCA4CF50099B41F /* CommonError.swift */,
				81557CE72CCA4B770099B41F /* LeagueError.swift */,
			);
			path = Error;
			sourceTree = "<group>";
		};
		81557CEF2CCA51A60099B41F /* ErrorView */ = {
			isa = PBXGroup;
			children = (
				81538C4D2CCAF9570054F59D /* ErrorView+Accessibility.swift */,
				81557CED2CCA519E0099B41F /* ErrorView+Design.swift */,
				81557CEB2CCA514C0099B41F /* ErrorView.swift */,
			);
			path = ErrorView;
			sourceTree = "<group>";
		};
		81557CF02CCA61BC0099B41F /* TeamRankHeaderView */ = {
			isa = PBXGroup;
			children = (
				81557CF32CCA61CC0099B41F /* TeamRankHeaderView+Design.swift */,
				81557CF12CCA61C60099B41F /* TeamRankHeaderView.swift */,
			);
			path = TeamRankHeaderView;
			sourceTree = "<group>";
		};
		81557CF52CCA72060099B41F /* SearchScreen */ = {
			isa = PBXGroup;
			children = (
				814827BE2CCAC5DB007C5C91 /* SearchViewController+Keyboard.swift */,
				81557CF82CCA78960099B41F /* SearchViewController+Design.swift */,
				81557CF62CCA720C0099B41F /* SearchViewController.swift */,
			);
			path = SearchScreen;
			sourceTree = "<group>";
		};
		81557CFA2CCA79CC0099B41F /* Search */ = {
			isa = PBXGroup;
			children = (
				81557CFB2CCA79D10099B41F /* SearchScope.swift */,
			);
			path = Search;
			sourceTree = "<group>";
		};
		81557CFE2CCA91CE0099B41F /* Player */ = {
			isa = PBXGroup;
			children = (
				81557D012CCA91D80099B41F /* Player.swift */,
				81557CFF2CCA91D30099B41F /* PlayerResponse.swift */,
			);
			path = Player;
			sourceTree = "<group>";
		};
		81557D032CCA92C70099B41F /* Player */ = {
			isa = PBXGroup;
			children = (
				81557D062CCA92D50099B41F /* PlayerService.swift */,
				81557D042CCA92CE0099B41F /* PlayerServiceProtocol.swift */,
			);
			path = Player;
			sourceTree = "<group>";
		};
		81557D082CCA9BE10099B41F /* Player */ = {
			isa = PBXGroup;
			children = (
				81557D092CCA9BE90099B41F /* PlayerViewModel.swift */,
			);
			path = Player;
			sourceTree = "<group>";
		};
		81557D0B2CCA9E300099B41F /* Search */ = {
			isa = PBXGroup;
			children = (
				81557D0C2CCA9E3A0099B41F /* SearchViewModel.swift */,
			);
			path = Search;
			sourceTree = "<group>";
		};
		8169E4DE2CC8E43600F25744 = {
			isa = PBXGroup;
			children = (
				8189CDFE2CC8E79E00B1BA83 /* RealTimeSports */,
				8169E4E82CC8E43600F25744 /* Products */,
				B61593E6BDEDA05FD3A70BC6 /* Pods */,
				C694B4616B064A78A6E49710 /* Frameworks */,
			);
			sourceTree = "<group>";
		};
		8169E4E82CC8E43600F25744 /* Products */ = {
			isa = PBXGroup;
			children = (
				8169E4E72CC8E43600F25744 /* RealTimeSports.app */,
			);
			name = Products;
			sourceTree = "<group>";
		};
		8189CDFE2CC8E79E00B1BA83 /* RealTimeSports */ = {
			isa = PBXGroup;
			children = (
				81538C412CCAE7180054F59D /* Animation */,
				8189CDF72CC8E79E00B1BA83 /* Info.plist */,
				8189CDF52CC8E79E00B1BA83 /* AppDelegate.swift */,
				8189CDFC2CC8E79E00B1BA83 /* SceneDelegate.swift */,
				8189CDF62CC8E79E00B1BA83 /* Assets.xcassets */,
				81557CE62CCA4B710099B41F /* Error */,
				81557C992CC924F90099B41F /* Extensions */,
				8189CDF92CC8E79E00B1BA83 /* LaunchScreen.storyboard */,
				81557C9C2CC9318B0099B41F /* Localization */,
				81557CB42CC949770099B41F /* Model */,
				81A7053D2CC8FB4A008FD00F /* Networking */,
				81557CA32CC93A0B0099B41F /* Service */,
				81A705472CC905FC008FD00F /* ViewController */,
				81557CC42CC95E370099B41F /* ViewModels */,
				81557C8B2CC915270099B41F /* Views */,
			);
			path = RealTimeSports;
			sourceTree = "<group>";
		};
		81A7053D2CC8FB4A008FD00F /* Networking */ = {
			isa = PBXGroup;
			children = (
				81A7053B2CC8F8E6008FD00F /* HTTPClient.swift */,
				81A7053C2CC8F90D008FD00F /* HTTPClientProtocol.swift */,
				81A7053A2CC8F862008FD00F /* HTTPMethodType.swift */,
			);
			path = Networking;
			sourceTree = "<group>";
		};
		81A705472CC905FC008FD00F /* ViewController */ = {
			isa = PBXGroup;
			children = (
				81538C482CCAEB210054F59D /* PlayerScreen */,
				81557CF52CCA72060099B41F /* SearchScreen */,
				81557C962CC91CB90099B41F /* LeaguesScreen */,
				81557C912CC9199C0099B41F /* RootTabBar */,
				81557C8E2CC915AC0099B41F /* HomeScreen */,
			);
			path = ViewController;
			sourceTree = "<group>";
		};
		B61593E6BDEDA05FD3A70BC6 /* Pods */ = {
			isa = PBXGroup;
			children = (
				5AF7A1E900DA7024E1C1F570 /* Pods-RealTimeSports.debug.xcconfig */,
				49A8142E1D614838A8E42BC6 /* Pods-RealTimeSports.release.xcconfig */,
			);
			path = Pods;
			sourceTree = "<group>";
		};
		C694B4616B064A78A6E49710 /* Frameworks */ = {
			isa = PBXGroup;
			children = (
				EB44F3BD28C411A1315E6279 /* Pods_RealTimeSports.framework */,
			);
			name = Frameworks;
			sourceTree = "<group>";
		};
/* End PBXGroup section */

/* Begin PBXNativeTarget section */
		8169E4E62CC8E43600F25744 /* RealTimeSports */ = {
			isa = PBXNativeTarget;
			buildConfigurationList = 8169E4FA2CC8E43600F25744 /* Build configuration list for PBXNativeTarget "RealTimeSports" */;
			buildPhases = (
				8ABC3B9E8B0BE1724ED87CC7 /* [CP] Check Pods Manifest.lock */,
				8169E4E32CC8E43600F25744 /* Sources */,
				8169E4E42CC8E43600F25744 /* Frameworks */,
				8169E4E52CC8E43600F25744 /* Resources */,
				B7A70C2A8622BDC9A2798390 /* [CP] Embed Pods Frameworks */,
			);
			buildRules = (
			);
			dependencies = (
			);
			name = RealTimeSports;
			productName = RealTimeSports;
			productReference = 8169E4E72CC8E43600F25744 /* RealTimeSports.app */;
			productType = "com.apple.product-type.application";
		};
/* End PBXNativeTarget section */

/* Begin PBXProject section */
		8169E4DF2CC8E43600F25744 /* Project object */ = {
			isa = PBXProject;
			attributes = {
				BuildIndependentTargetsInParallel = 1;
				LastSwiftUpdateCheck = 1600;
				LastUpgradeCheck = 1600;
				TargetAttributes = {
					8169E4E62CC8E43600F25744 = {
						CreatedOnToolsVersion = 16.0;
					};
				};
			};
			buildConfigurationList = 8169E4E22CC8E43600F25744 /* Build configuration list for PBXProject "RealTimeSports" */;
			compatibilityVersion = "Xcode 15.3";
			developmentRegion = en;
			hasScannedForEncodings = 0;
			knownRegions = (
				en,
				Base,
				el,
				fr,
				ro,
			);
			mainGroup = 8169E4DE2CC8E43600F25744;
			minimizedProjectReferenceProxies = 1;
			productRefGroup = 8169E4E82CC8E43600F25744 /* Products */;
			projectDirPath = "";
			projectRoot = "";
			targets = (
				8169E4E62CC8E43600F25744 /* RealTimeSports */,
			);
		};
/* End PBXProject section */

/* Begin PBXResourcesBuildPhase section */
		8169E4E52CC8E43600F25744 /* Resources */ = {
			isa = PBXResourcesBuildPhase;
			buildActionMask = 2147483647;
			files = (
				8189CE022CC8E79E00B1BA83 /* Assets.xcassets in Resources */,
				8189CE042CC8E79E00B1BA83 /* LaunchScreen.storyboard in Resources */,
				81557C9E2CC931CA0099B41F /* Localizable.xcstrings in Resources */,
				81538C472CCAEA6C0054F59D /* loading-animation.json in Resources */,
			);
			runOnlyForDeploymentPostprocessing = 0;
		};
/* End PBXResourcesBuildPhase section */

/* Begin PBXShellScriptBuildPhase section */
		8ABC3B9E8B0BE1724ED87CC7 /* [CP] Check Pods Manifest.lock */ = {
			isa = PBXShellScriptBuildPhase;
			buildActionMask = 2147483647;
			files = (
			);
			inputFileListPaths = (
			);
			inputPaths = (
				"${PODS_PODFILE_DIR_PATH}/Podfile.lock",
				"${PODS_ROOT}/Manifest.lock",
			);
			name = "[CP] Check Pods Manifest.lock";
			outputFileListPaths = (
			);
			outputPaths = (
				"$(DERIVED_FILE_DIR)/Pods-RealTimeSports-checkManifestLockResult.txt",
			);
			runOnlyForDeploymentPostprocessing = 0;
			shellPath = /bin/sh;
			shellScript = "diff \"${PODS_PODFILE_DIR_PATH}/Podfile.lock\" \"${PODS_ROOT}/Manifest.lock\" > /dev/null\nif [ $? != 0 ] ; then\n    # print error to STDERR\n    echo \"error: The sandbox is not in sync with the Podfile.lock. Run 'pod install' or update your CocoaPods installation.\" >&2\n    exit 1\nfi\n# This output is used by Xcode 'outputs' to avoid re-running this script phase.\necho \"SUCCESS\" > \"${SCRIPT_OUTPUT_FILE_0}\"\n";
			showEnvVarsInLog = 0;
		};
		B7A70C2A8622BDC9A2798390 /* [CP] Embed Pods Frameworks */ = {
			isa = PBXShellScriptBuildPhase;
			buildActionMask = 2147483647;
			files = (
			);
			inputFileListPaths = (
				"${PODS_ROOT}/Target Support Files/Pods-RealTimeSports/Pods-RealTimeSports-frameworks-${CONFIGURATION}-input-files.xcfilelist",
			);
			name = "[CP] Embed Pods Frameworks";
			outputFileListPaths = (
				"${PODS_ROOT}/Target Support Files/Pods-RealTimeSports/Pods-RealTimeSports-frameworks-${CONFIGURATION}-output-files.xcfilelist",
			);
			runOnlyForDeploymentPostprocessing = 0;
			shellPath = /bin/sh;
			shellScript = "\"${PODS_ROOT}/Target Support Files/Pods-RealTimeSports/Pods-RealTimeSports-frameworks.sh\"\n";
			showEnvVarsInLog = 0;
		};
/* End PBXShellScriptBuildPhase section */

/* Begin PBXSourcesBuildPhase section */
		8169E4E32CC8E43600F25744 /* Sources */ = {
			isa = PBXSourcesBuildPhase;
			buildActionMask = 2147483647;
			files = (
				81557CD02CC9943D0099B41F /* LeagueServiceProtocol.swift in Sources */,
				81557CE02CCA3A300099B41F /* LeagueStandingsViewModel.swift in Sources */,
				814827D32CCAD07A007C5C91 /* LiveEventTableViewCell+Design.swift in Sources */,
				81A705422CC8FBAB008FD00F /* HTTPMethodType.swift in Sources */,
				81557C902CC915BA0099B41F /* HomeViewController+Design.swift in Sources */,
				81557CDC2CCA2A490099B41F /* TeamResponse.swift in Sources */,
				81557CB62CC949930099B41F /* Team.swift in Sources */,
				81557CCE2CC993BB0099B41F /* TeamServiceProtocol.swift in Sources */,
				81557CEE2CCA51A30099B41F /* ErrorView+Design.swift in Sources */,
				81557CA52CC93A4D0099B41F /* Service.swift in Sources */,
				81538C4E2CCAF95C0054F59D /* ErrorView+Accessibility.swift in Sources */,
				81557D0A2CCA9BF30099B41F /* PlayerViewModel.swift in Sources */,
				81557CBD2CC954A50099B41F /* CommonURLBuilder.swift in Sources */,
				81557CF22CCA61C90099B41F /* TeamRankHeaderView.swift in Sources */,
				814827C92CCACC33007C5C91 /* LiveEventServiceProtocol.swift in Sources */,
				814827C12CCACB6B007C5C91 /* LiveEvent.swift in Sources */,
				81557D072CCA92D80099B41F /* PlayerService.swift in Sources */,
				81557CFC2CCA79DD0099B41F /* SearchScope.swift in Sources */,
				81A705402CC8FB9F008FD00F /* HTTPClientProtocol.swift in Sources */,
				81557C8D2CC915400099B41F /* ViewsDesignProtocol.swift in Sources */,
				81557CD22CC995D10099B41F /* ViewModelFactory.swift in Sources */,
				814827CE2CCACEF2007C5C91 /* LiveEventViewModel.swift in Sources */,
				81557C952CC91BD30099B41F /* RootTabBarViewController+Design.swift in Sources */,
				81557CEA2CCA4CF90099B41F /* CommonError.swift in Sources */,
				81557C982CC91EA00099B41F /* LeaguesViewController.swift in Sources */,
				81557CC92CC95F0E0099B41F /* LeagueType.swift in Sources */,
				81557CA22CC9398C0099B41F /* URLBuilder.swift in Sources */,
				81557D052CCA92D20099B41F /* PlayerServiceProtocol.swift in Sources */,
				81557CE82CCA4BBC0099B41F /* LeagueError.swift in Sources */,
				81557CC62CC95E4B0099B41F /* LeaguesViewModel.swift in Sources */,
				81538C4A2CCAEB290054F59D /* PlayerViewController.swift in Sources */,
				814827CB2CCACC89007C5C91 /* LiveEventError.swift in Sources */,
				814827C72CCACC2D007C5C91 /* LiveEventService.swift in Sources */,
				8189CDFF2CC8E79E00B1BA83 /* AppDelegate.swift in Sources */,
				81557CF92CCA789B0099B41F /* SearchViewController+Design.swift in Sources */,
				814827D12CCAD072007C5C91 /* LiveEventTableViewCell.swift in Sources */,
				814827C42CCACB83007C5C91 /* LiveEventResponse.swift in Sources */,
				81557CEC2CCA515F0099B41F /* ErrorView.swift in Sources */,
				81557CBA2CC94BA00099B41F /* LeagueResponse.swift in Sources */,
				81557CCC2CC984AF0099B41F /* LeaguesViewController+Design.swift in Sources */,
				81538C4C2CCAEB2F0054F59D /* PlayerViewController+Design.swift in Sources */,
				81557C9B2CC925080099B41F /* UIColor+Extensions.swift in Sources */,
				81557CE32CCA3C540099B41F /* TeamRankTableViewCell.swift in Sources */,
				81557CC02CC955B10099B41F /* LeagueService.swift in Sources */,
				81557D0F2CCAAE4C0099B41F /* PlayerError.swift in Sources */,
				81557CF42CCA61D00099B41F /* TeamRankHeaderView+Design.swift in Sources */,
				81557CA02CC933860099B41F /* LocalizableString.swift in Sources */,
				81A705412CC8FBA5008FD00F /* HTTPClient.swift in Sources */,
				81557D0D2CCA9E3C0099B41F /* SearchViewModel.swift in Sources */,
				81557CD72CCA220E0099B41F /* LeagueStandingsViewController.swift in Sources */,
				8189CE002CC8E79E00B1BA83 /* SceneDelegate.swift in Sources */,
				81557C932CC919B40099B41F /* RootTabBarViewController.swift in Sources */,
				8189CE012CC8E79E00B1BA83 /* HomeViewController.swift in Sources */,
				81557CF72CCA720F0099B41F /* SearchViewController.swift in Sources */,
				814827BF2CCAC5E0007C5C91 /* SearchViewController+Keyboard.swift in Sources */,
				81557CB82CC949DA0099B41F /* League.swift in Sources */,
				81557D002CCA91D50099B41F /* PlayerResponse.swift in Sources */,
				81557CC32CC9560A0099B41F /* TeamService.swift in Sources */,
				81557CE52CCA3D5B0099B41F /* TeamRankTableViewCell+Design.swift in Sources */,
				81557CD92CCA22210099B41F /* LeagueStandingsViewController+Design.swift in Sources */,
				81557D022CCA91D90099B41F /* Player.swift in Sources */,
				81557CAC2CC93C9C0099B41F /* URLBuilderV2.swift in Sources */,
			);
			runOnlyForDeploymentPostprocessing = 0;
		};
/* End PBXSourcesBuildPhase section */

/* Begin PBXVariantGroup section */
		8189CDF92CC8E79E00B1BA83 /* LaunchScreen.storyboard */ = {
			isa = PBXVariantGroup;
			children = (
				8189CDF82CC8E79E00B1BA83 /* Base */,
			);
			name = LaunchScreen.storyboard;
			sourceTree = "<group>";
		};
/* End PBXVariantGroup section */

/* Begin XCBuildConfiguration section */
		8169E4FB2CC8E43600F25744 /* Debug */ = {
			isa = XCBuildConfiguration;
			baseConfigurationReference = 5AF7A1E900DA7024E1C1F570 /* Pods-RealTimeSports.debug.xcconfig */;
			buildSettings = {
				ASSETCATALOG_COMPILER_APPICON_NAME = AppIcon;
				ASSETCATALOG_COMPILER_GLOBAL_ACCENT_COLOR_NAME = AccentColor;
				CODE_SIGN_STYLE = Automatic;
				CURRENT_PROJECT_VERSION = 1;
				DEVELOPMENT_TEAM = ZG383X98YS;
				ENABLE_USER_SCRIPT_SANDBOXING = NO;
				GENERATE_INFOPLIST_FILE = YES;
				INFOPLIST_FILE = RealTimeSports/Info.plist;
				INFOPLIST_KEY_UIApplicationSupportsIndirectInputEvents = YES;
				INFOPLIST_KEY_UILaunchStoryboardName = LaunchScreen;
				INFOPLIST_KEY_UISupportedInterfaceOrientations_iPad = "UIInterfaceOrientationPortrait UIInterfaceOrientationPortraitUpsideDown UIInterfaceOrientationLandscapeLeft UIInterfaceOrientationLandscapeRight";
				INFOPLIST_KEY_UISupportedInterfaceOrientations_iPhone = "UIInterfaceOrientationPortrait UIInterfaceOrientationLandscapeLeft UIInterfaceOrientationLandscapeRight";
				LD_RUNPATH_SEARCH_PATHS = (
					"$(inherited)",
					"@executable_path/Frameworks",
				);
				MARKETING_VERSION = 1.0;
				PRODUCT_BUNDLE_IDENTIFIER = chrmobilesolutions.learning.RealTimeSports;
				PRODUCT_NAME = "$(TARGET_NAME)";
				SWIFT_EMIT_LOC_STRINGS = YES;
				SWIFT_VERSION = 5.0;
				TARGETED_DEVICE_FAMILY = "1,2";
			};
			name = Debug;
		};
		8169E4FC2CC8E43600F25744 /* Release */ = {
			isa = XCBuildConfiguration;
			baseConfigurationReference = 49A8142E1D614838A8E42BC6 /* Pods-RealTimeSports.release.xcconfig */;
			buildSettings = {
				ASSETCATALOG_COMPILER_APPICON_NAME = AppIcon;
				ASSETCATALOG_COMPILER_GLOBAL_ACCENT_COLOR_NAME = AccentColor;
				CODE_SIGN_STYLE = Automatic;
				CURRENT_PROJECT_VERSION = 1;
				DEVELOPMENT_TEAM = ZG383X98YS;
				ENABLE_USER_SCRIPT_SANDBOXING = NO;
				GENERATE_INFOPLIST_FILE = YES;
				INFOPLIST_FILE = RealTimeSports/Info.plist;
				INFOPLIST_KEY_UIApplicationSupportsIndirectInputEvents = YES;
				INFOPLIST_KEY_UILaunchStoryboardName = LaunchScreen;
				INFOPLIST_KEY_UISupportedInterfaceOrientations_iPad = "UIInterfaceOrientationPortrait UIInterfaceOrientationPortraitUpsideDown UIInterfaceOrientationLandscapeLeft UIInterfaceOrientationLandscapeRight";
				INFOPLIST_KEY_UISupportedInterfaceOrientations_iPhone = "UIInterfaceOrientationPortrait UIInterfaceOrientationLandscapeLeft UIInterfaceOrientationLandscapeRight";
				LD_RUNPATH_SEARCH_PATHS = (
					"$(inherited)",
					"@executable_path/Frameworks",
				);
				MARKETING_VERSION = 1.0;
				PRODUCT_BUNDLE_IDENTIFIER = chrmobilesolutions.learning.RealTimeSports;
				PRODUCT_NAME = "$(TARGET_NAME)";
				SWIFT_EMIT_LOC_STRINGS = YES;
				SWIFT_VERSION = 5.0;
				TARGETED_DEVICE_FAMILY = "1,2";
			};
			name = Release;
		};
		8169E4FD2CC8E43600F25744 /* Debug */ = {
			isa = XCBuildConfiguration;
			buildSettings = {
				ALWAYS_SEARCH_USER_PATHS = NO;
				ASSETCATALOG_COMPILER_GENERATE_SWIFT_ASSET_SYMBOL_EXTENSIONS = YES;
				CLANG_ANALYZER_NONNULL = YES;
				CLANG_ANALYZER_NUMBER_OBJECT_CONVERSION = YES_AGGRESSIVE;
				CLANG_CXX_LANGUAGE_STANDARD = "gnu++20";
				CLANG_ENABLE_MODULES = YES;
				CLANG_ENABLE_OBJC_ARC = YES;
				CLANG_ENABLE_OBJC_WEAK = YES;
				CLANG_WARN_BLOCK_CAPTURE_AUTORELEASING = YES;
				CLANG_WARN_BOOL_CONVERSION = YES;
				CLANG_WARN_COMMA = YES;
				CLANG_WARN_CONSTANT_CONVERSION = YES;
				CLANG_WARN_DEPRECATED_OBJC_IMPLEMENTATIONS = YES;
				CLANG_WARN_DIRECT_OBJC_ISA_USAGE = YES_ERROR;
				CLANG_WARN_DOCUMENTATION_COMMENTS = YES;
				CLANG_WARN_EMPTY_BODY = YES;
				CLANG_WARN_ENUM_CONVERSION = YES;
				CLANG_WARN_INFINITE_RECURSION = YES;
				CLANG_WARN_INT_CONVERSION = YES;
				CLANG_WARN_NON_LITERAL_NULL_CONVERSION = YES;
				CLANG_WARN_OBJC_IMPLICIT_RETAIN_SELF = YES;
				CLANG_WARN_OBJC_LITERAL_CONVERSION = YES;
				CLANG_WARN_OBJC_ROOT_CLASS = YES_ERROR;
				CLANG_WARN_QUOTED_INCLUDE_IN_FRAMEWORK_HEADER = YES;
				CLANG_WARN_RANGE_LOOP_ANALYSIS = YES;
				CLANG_WARN_STRICT_PROTOTYPES = YES;
				CLANG_WARN_SUSPICIOUS_MOVE = YES;
				CLANG_WARN_UNGUARDED_AVAILABILITY = YES_AGGRESSIVE;
				CLANG_WARN_UNREACHABLE_CODE = YES;
				CLANG_WARN__DUPLICATE_METHOD_MATCH = YES;
				COPY_PHASE_STRIP = NO;
				DEBUG_INFORMATION_FORMAT = dwarf;
				ENABLE_STRICT_OBJC_MSGSEND = YES;
				ENABLE_TESTABILITY = YES;
				ENABLE_USER_SCRIPT_SANDBOXING = YES;
				GCC_C_LANGUAGE_STANDARD = gnu17;
				GCC_DYNAMIC_NO_PIC = NO;
				GCC_NO_COMMON_BLOCKS = YES;
				GCC_OPTIMIZATION_LEVEL = 0;
				GCC_PREPROCESSOR_DEFINITIONS = (
					"DEBUG=1",
					"$(inherited)",
				);
				GCC_WARN_64_TO_32_BIT_CONVERSION = YES;
				GCC_WARN_ABOUT_RETURN_TYPE = YES_ERROR;
				GCC_WARN_UNDECLARED_SELECTOR = YES;
				GCC_WARN_UNINITIALIZED_AUTOS = YES_AGGRESSIVE;
				GCC_WARN_UNUSED_FUNCTION = YES;
				GCC_WARN_UNUSED_VARIABLE = YES;
				IPHONEOS_DEPLOYMENT_TARGET = 18.0;
				LOCALIZATION_PREFERS_STRING_CATALOGS = YES;
				MTL_ENABLE_DEBUG_INFO = INCLUDE_SOURCE;
				MTL_FAST_MATH = YES;
				ONLY_ACTIVE_ARCH = YES;
				SDKROOT = iphoneos;
				SWIFT_ACTIVE_COMPILATION_CONDITIONS = "DEBUG $(inherited)";
				SWIFT_EMIT_LOC_STRINGS = YES;
				SWIFT_OPTIMIZATION_LEVEL = "-Onone";
			};
			name = Debug;
		};
		8169E4FE2CC8E43600F25744 /* Release */ = {
			isa = XCBuildConfiguration;
			buildSettings = {
				ALWAYS_SEARCH_USER_PATHS = NO;
				ASSETCATALOG_COMPILER_GENERATE_SWIFT_ASSET_SYMBOL_EXTENSIONS = YES;
				CLANG_ANALYZER_NONNULL = YES;
				CLANG_ANALYZER_NUMBER_OBJECT_CONVERSION = YES_AGGRESSIVE;
				CLANG_CXX_LANGUAGE_STANDARD = "gnu++20";
				CLANG_ENABLE_MODULES = YES;
				CLANG_ENABLE_OBJC_ARC = YES;
				CLANG_ENABLE_OBJC_WEAK = YES;
				CLANG_WARN_BLOCK_CAPTURE_AUTORELEASING = YES;
				CLANG_WARN_BOOL_CONVERSION = YES;
				CLANG_WARN_COMMA = YES;
				CLANG_WARN_CONSTANT_CONVERSION = YES;
				CLANG_WARN_DEPRECATED_OBJC_IMPLEMENTATIONS = YES;
				CLANG_WARN_DIRECT_OBJC_ISA_USAGE = YES_ERROR;
				CLANG_WARN_DOCUMENTATION_COMMENTS = YES;
				CLANG_WARN_EMPTY_BODY = YES;
				CLANG_WARN_ENUM_CONVERSION = YES;
				CLANG_WARN_INFINITE_RECURSION = YES;
				CLANG_WARN_INT_CONVERSION = YES;
				CLANG_WARN_NON_LITERAL_NULL_CONVERSION = YES;
				CLANG_WARN_OBJC_IMPLICIT_RETAIN_SELF = YES;
				CLANG_WARN_OBJC_LITERAL_CONVERSION = YES;
				CLANG_WARN_OBJC_ROOT_CLASS = YES_ERROR;
				CLANG_WARN_QUOTED_INCLUDE_IN_FRAMEWORK_HEADER = YES;
				CLANG_WARN_RANGE_LOOP_ANALYSIS = YES;
				CLANG_WARN_STRICT_PROTOTYPES = YES;
				CLANG_WARN_SUSPICIOUS_MOVE = YES;
				CLANG_WARN_UNGUARDED_AVAILABILITY = YES_AGGRESSIVE;
				CLANG_WARN_UNREACHABLE_CODE = YES;
				CLANG_WARN__DUPLICATE_METHOD_MATCH = YES;
				COPY_PHASE_STRIP = NO;
				DEBUG_INFORMATION_FORMAT = "dwarf-with-dsym";
				ENABLE_NS_ASSERTIONS = NO;
				ENABLE_STRICT_OBJC_MSGSEND = YES;
				ENABLE_USER_SCRIPT_SANDBOXING = YES;
				GCC_C_LANGUAGE_STANDARD = gnu17;
				GCC_NO_COMMON_BLOCKS = YES;
				GCC_WARN_64_TO_32_BIT_CONVERSION = YES;
				GCC_WARN_ABOUT_RETURN_TYPE = YES_ERROR;
				GCC_WARN_UNDECLARED_SELECTOR = YES;
				GCC_WARN_UNINITIALIZED_AUTOS = YES_AGGRESSIVE;
				GCC_WARN_UNUSED_FUNCTION = YES;
				GCC_WARN_UNUSED_VARIABLE = YES;
				IPHONEOS_DEPLOYMENT_TARGET = 18.0;
				LOCALIZATION_PREFERS_STRING_CATALOGS = YES;
				MTL_ENABLE_DEBUG_INFO = NO;
				MTL_FAST_MATH = YES;
				SDKROOT = iphoneos;
				SWIFT_COMPILATION_MODE = wholemodule;
				SWIFT_EMIT_LOC_STRINGS = YES;
				VALIDATE_PRODUCT = YES;
			};
			name = Release;
		};
/* End XCBuildConfiguration section */

/* Begin XCConfigurationList section */
		8169E4E22CC8E43600F25744 /* Build configuration list for PBXProject "RealTimeSports" */ = {
			isa = XCConfigurationList;
			buildConfigurations = (
				8169E4FD2CC8E43600F25744 /* Debug */,
				8169E4FE2CC8E43600F25744 /* Release */,
			);
			defaultConfigurationIsVisible = 0;
			defaultConfigurationName = Release;
		};
		8169E4FA2CC8E43600F25744 /* Build configuration list for PBXNativeTarget "RealTimeSports" */ = {
			isa = XCConfigurationList;
			buildConfigurations = (
				8169E4FB2CC8E43600F25744 /* Debug */,
				8169E4FC2CC8E43600F25744 /* Release */,
			);
			defaultConfigurationIsVisible = 0;
			defaultConfigurationName = Release;
		};
/* End XCConfigurationList section */
	};
	rootObject = 8169E4DF2CC8E43600F25744 /* Project object */;
}
